
Microsoft Visual Studio Solution File, Format Version 12.00
# Visual Studio 14
VisualStudioVersion = 14.0.25420.1
MinimumVisualStudioVersion = 10.0.40219.1
Project("{FAE04EC0-301F-11D3-BF4B-00C04F79EFBC}") = "PluginDevelopment.UI", "PluginDevelopment\PluginDevelopment.UI.csproj", "{EF03597B-89E8-44CC-BE3A-1AAB22408E0B}"
EndProject
Project("{FAE04EC0-301F-11D3-BF4B-00C04F79EFBC}") = "PluginDevelopment.Helper", "PluginDevelopment.Helper\PluginDevelopment.Helper.csproj", "{9882E6FE-D805-4FCF-86AC-E1C88FA733CA}"
EndProject
Project("{FAE04EC0-301F-11D3-BF4B-00C04F79EFBC}") = "PluginDevelopment.DAL", "PluginDevelopment.DAL\PluginDevelopment.DAL.csproj", "{99E34B54-246D-4A8A-A6F5-C93C0C6A7439}"
EndProject
Project("{FAE04EC0-301F-11D3-BF4B-00C04F79EFBC}") = "PluginDevelopment.Model", "PluginDevelopment.Model\PluginDevelopment.Model.csproj", "{98D12AEF-8021-41FB-B288-9D46C85D39BC}"
EndProject
Global
	GlobalSection(SolutionConfigurationPlatforms) = preSolution
		Debug|Any CPU = Debug|Any CPU
		Release|Any CPU = Release|Any CPU
	EndGlobalSection
	GlobalSection(ProjectConfigurationPlatforms) = postSolution
		{EF03597B-89E8-44CC-BE3A-1AAB22408E0B}.Debug|Any CPU.ActiveCfg = Debug|Any CPU
		{EF03597B-89E8-44CC-BE3A-1AAB22408E0B}.Debug|Any CPU.Build.0 = Debug|Any CPU
		{EF03597B-89E8-44CC-BE3A-1AAB22408E0B}.Release|Any CPU.ActiveCfg = Release|Any CPU
		{EF03597B-89E8-44CC-BE3A-1AAB22408E0B}.Release|Any CPU.Build.0 = Release|Any CPU
		{9882E6FE-D805-4FCF-86AC-E1C88FA733CA}.Debug|Any CPU.ActiveCfg = Debug|Any CPU
		{9882E6FE-D805-4FCF-86AC-E1C88FA733CA}.Debug|Any CPU.Build.0 = Debug|Any CPU
		{9882E6FE-D805-4FCF-86AC-E1C88FA733CA}.Release|Any CPU.ActiveCfg = Release|Any CPU
		{9882E6FE-D805-4FCF-86AC-E1C88FA733CA}.Release|Any CPU.Build.0 = Release|Any CPU
		{99E34B54-246D-4A8A-A6F5-C93C0C6A7439}.Debug|Any CPU.ActiveCfg = Debug|Any CPU
		{99E34B54-246D-4A8A-A6F5-C93C0C6A7439}.Debug|Any CPU.Build.0 = Debug|Any CPU
		{99E34B54-246D-4A8A-A6F5-C93C0C6A7439}.Release|Any CPU.ActiveCfg = Release|Any CPU
		{99E34B54-246D-4A8A-A6F5-C93C0C6A7439}.Release|Any CPU.Build.0 = Release|Any CPU
		{98D12AEF-8021-41FB-B288-9D46C85D39BC}.Debug|Any CPU.ActiveCfg = Debug|Any CPU
		{98D12AEF-8021-41FB-B288-9D46C85D39BC}.Debug|Any CPU.Build.0 = Debug|Any CPU
		{98D12AEF-8021-41FB-B288-9D46C85D39BC}.Release|Any CPU.ActiveCfg = Release|Any CPU
		{98D12AEF-8021-41FB-B288-9D46C85D39BC}.Release|Any CPU.Build.0 = Release|Any CPU
	EndGlobalSection
	GlobalSection(SolutionProperties) = preSolution
		HideSolutionNode = FALSE
	EndGlobalSection
EndGlobal
